
Microsoft Visual Studio Solution File, Format Version 12.00
# Visual Studio Version 16
VisualStudioVersion = 16.0.28803.452
MinimumVisualStudioVersion = 10.0.40219.1
Project("{9A19103F-16F7-4668-BE54-9A1E7A4F7556}") = "JamesQMurphy.Web", "JamesQMurphy.Web.csproj", "{C2988A44-AB27-45BF-BCA3-8D2110C7F4F4}"
EndProject
Project("{9A19103F-16F7-4668-BE54-9A1E7A4F7556}") = "JamesQMurphy.Blog", "..\JamesQMurphy.Blog\JamesQMurphy.Blog.csproj", "{14581B93-0D0D-45C2-BA17-A91377310CC0}"
EndProject
Project("{9A19103F-16F7-4668-BE54-9A1E7A4F7556}") = "JamesQMurphy.Blog.UnitTests", "..\JamesQMurphy.Blog.UnitTests\JamesQMurphy.Blog.UnitTests.csproj", "{9DA66BC8-E72F-42DA-8167-FB89D019B8E7}"
EndProject
Project("{FAE04EC0-301F-11D3-BF4B-00C04F79EFBC}") = "JamesQMurphy.Blog.Aws", "..\JamesQMurphy.Blog.Aws\JamesQMurphy.Blog.Aws.csproj", "{1A9466AE-EF11-4758-A11C-AB790F6AE4E2}"
EndProject
Project("{FAE04EC0-301F-11D3-BF4B-00C04F79EFBC}") = "JamesQMurphy.Blog.Aws.IntegrationTests", "..\JamesQMurphy.Blog.Aws.IntegrationTests\JamesQMurphy.Blog.Aws.IntegrationTests.csproj", "{96B605C0-D284-4427-90C5-D8C353B24E6D}"
EndProject
Global
	GlobalSection(SolutionConfigurationPlatforms) = preSolution
		Debug|Any CPU = Debug|Any CPU
		Release|Any CPU = Release|Any CPU
	EndGlobalSection
	GlobalSection(ProjectConfigurationPlatforms) = postSolution
		{C2988A44-AB27-45BF-BCA3-8D2110C7F4F4}.Debug|Any CPU.ActiveCfg = Debug|Any CPU
		{C2988A44-AB27-45BF-BCA3-8D2110C7F4F4}.Debug|Any CPU.Build.0 = Debug|Any CPU
		{C2988A44-AB27-45BF-BCA3-8D2110C7F4F4}.Release|Any CPU.ActiveCfg = Release|Any CPU
		{C2988A44-AB27-45BF-BCA3-8D2110C7F4F4}.Release|Any CPU.Build.0 = Release|Any CPU
		{14581B93-0D0D-45C2-BA17-A91377310CC0}.Debug|Any CPU.ActiveCfg = Debug|Any CPU
		{14581B93-0D0D-45C2-BA17-A91377310CC0}.Debug|Any CPU.Build.0 = Debug|Any CPU
		{14581B93-0D0D-45C2-BA17-A91377310CC0}.Release|Any CPU.ActiveCfg = Release|Any CPU
		{14581B93-0D0D-45C2-BA17-A91377310CC0}.Release|Any CPU.Build.0 = Release|Any CPU
		{9DA66BC8-E72F-42DA-8167-FB89D019B8E7}.Debug|Any CPU.ActiveCfg = Debug|Any CPU
		{9DA66BC8-E72F-42DA-8167-FB89D019B8E7}.Debug|Any CPU.Build.0 = Debug|Any CPU
		{9DA66BC8-E72F-42DA-8167-FB89D019B8E7}.Release|Any CPU.ActiveCfg = Release|Any CPU
		{9DA66BC8-E72F-42DA-8167-FB89D019B8E7}.Release|Any CPU.Build.0 = Release|Any CPU
		{1A9466AE-EF11-4758-A11C-AB790F6AE4E2}.Debug|Any CPU.ActiveCfg = Debug|Any CPU
		{1A9466AE-EF11-4758-A11C-AB790F6AE4E2}.Debug|Any CPU.Build.0 = Debug|Any CPU
		{1A9466AE-EF11-4758-A11C-AB790F6AE4E2}.Release|Any CPU.ActiveCfg = Release|Any CPU
		{1A9466AE-EF11-4758-A11C-AB790F6AE4E2}.Release|Any CPU.Build.0 = Release|Any CPU
		{96B605C0-D284-4427-90C5-D8C353B24E6D}.Debug|Any CPU.ActiveCfg = Debug|Any CPU
		{96B605C0-D284-4427-90C5-D8C353B24E6D}.Debug|Any CPU.Build.0 = Debug|Any CPU
		{96B605C0-D284-4427-90C5-D8C353B24E6D}.Release|Any CPU.ActiveCfg = Release|Any CPU
		{96B605C0-D284-4427-90C5-D8C353B24E6D}.Release|Any CPU.Build.0 = Release|Any CPU
	EndGlobalSection
	GlobalSection(SolutionProperties) = preSolution
		HideSolutionNode = FALSE
	EndGlobalSection
	GlobalSection(ExtensibilityGlobals) = postSolution
		SolutionGuid = {B50FE8F6-2020-4013-AD03-061FC81F12BB}
	EndGlobalSection
EndGlobal
