
Microsoft Visual Studio Solution File, Format Version 12.00
# Visual Studio Version 16
VisualStudioVersion = 16.0.29009.5
MinimumVisualStudioVersion = 10.0.40219.1
Project("{9A19103F-16F7-4668-BE54-9A1E7A4F7556}") = "JamesQMurphy.Web", "JamesQMurphy.Web\JamesQMurphy.Web.csproj", "{C2988A44-AB27-45BF-BCA3-8D2110C7F4F4}"
EndProject
Project("{9A19103F-16F7-4668-BE54-9A1E7A4F7556}") = "JamesQMurphy.Blog", "JamesQMurphy.Blog\JamesQMurphy.Blog.csproj", "{14581B93-0D0D-45C2-BA17-A91377310CC0}"
EndProject
Project("{9A19103F-16F7-4668-BE54-9A1E7A4F7556}") = "JamesQMurphy.Blog.UnitTests", "JamesQMurphy.Blog.UnitTests\JamesQMurphy.Blog.UnitTests.csproj", "{9DA66BC8-E72F-42DA-8167-FB89D019B8E7}"
EndProject
Project("{9A19103F-16F7-4668-BE54-9A1E7A4F7556}") = "JamesQMurphy.Blog.Aws", "JamesQMurphy.Blog.Aws\JamesQMurphy.Blog.Aws.csproj", "{A871E94A-9F08-4C8A-B471-E994CA28EB1A}"
EndProject
Project("{9A19103F-16F7-4668-BE54-9A1E7A4F7556}") = "JamesQMurphy.Web.UnitTests", "JamesQMurphy.Web.UnitTests\JamesQMurphy.Web.UnitTests.csproj", "{61BD34C8-CDF1-4A17-B3F5-C03929BD4E17}"
EndProject
Project("{9A19103F-16F7-4668-BE54-9A1E7A4F7556}") = "JamesQMurphy.Email", "JamesQMurphy.Email\JamesQMurphy.Email.csproj", "{25E13A19-D69F-4736-B577-434774812052}"
EndProject
Project("{9A19103F-16F7-4668-BE54-9A1E7A4F7556}") = "JamesQMurphy.Email.Aws", "JamesQMurphy.Email.Aws\JamesQMurphy.Email.Aws.csproj", "{353D7F6D-9EB1-481D-A917-151E3502D39B}"
EndProject
Project("{9A19103F-16F7-4668-BE54-9A1E7A4F7556}") = "JamesQMurphy.Lambda.EmailSender", "JamesQMurphy.Lambda.EmailSender\JamesQMurphy.Lambda.EmailSender.csproj", "{DECB3A77-2E79-4CB1-882F-E944BE242858}"
EndProject
Project("{9A19103F-16F7-4668-BE54-9A1E7A4F7556}") = "JamesQMurphy.Auth", "JamesQMurphy.Auth\JamesQMurphy.Auth.csproj", "{35EA8064-4C7B-4A0B-9E09-AAAFA4A3D44B}"
EndProject
Project("{9A19103F-16F7-4668-BE54-9A1E7A4F7556}") = "JamesQMurphy.Auth.UnitTests", "JamesQMurphy.Auth.UnitTests\JamesQMurphy.Auth.UnitTests.csproj", "{C141D34E-E61D-496B-845B-4329019C3214}"
EndProject
Project("{9A19103F-16F7-4668-BE54-9A1E7A4F7556}") = "JamesQMurphy.Auth.Aws", "JamesQMurphy.Auth.Aws\JamesQMurphy.Auth.Aws.csproj", "{B7BE817D-A605-47D3-909A-A0591D2646F8}"
EndProject
Project("{9A19103F-16F7-4668-BE54-9A1E7A4F7556}") = "JamesQMurphy.Email.Mailgun", "JamesQMurphy.Email.Mailgun\JamesQMurphy.Email.Mailgun.csproj", "{75DB38A4-CD1C-4CD8-BCE3-8F28D5925479}"
EndProject
Project("{9A19103F-16F7-4668-BE54-9A1E7A4F7556}") = "JamesQMurphy.Aws.Configuration", "JamesQMurphy.Aws.Configuration\JamesQMurphy.Aws.Configuration.csproj", "{47F076B3-5311-4B26-A0E6-FC02582E8609}"
EndProject
Project("{FAE04EC0-301F-11D3-BF4B-00C04F79EFBC}") = "JamesQMurphy.Aws.Configuration.UnitTests", "JamesQMurphy.Aws.Configuration.UnitTests\JamesQMurphy.Aws.Configuration.UnitTests.csproj", "{DBD00A37-4FDC-4065-B3A8-AC9A05642ECA}"
EndProject
Global
	GlobalSection(SolutionConfigurationPlatforms) = preSolution
		Debug|Any CPU = Debug|Any CPU
		Release|Any CPU = Release|Any CPU
	EndGlobalSection
	GlobalSection(ProjectConfigurationPlatforms) = postSolution
		{C2988A44-AB27-45BF-BCA3-8D2110C7F4F4}.Debug|Any CPU.ActiveCfg = Debug|Any CPU
		{C2988A44-AB27-45BF-BCA3-8D2110C7F4F4}.Debug|Any CPU.Build.0 = Debug|Any CPU
		{C2988A44-AB27-45BF-BCA3-8D2110C7F4F4}.Release|Any CPU.ActiveCfg = Release|Any CPU
		{C2988A44-AB27-45BF-BCA3-8D2110C7F4F4}.Release|Any CPU.Build.0 = Release|Any CPU
		{14581B93-0D0D-45C2-BA17-A91377310CC0}.Debug|Any CPU.ActiveCfg = Debug|Any CPU
		{14581B93-0D0D-45C2-BA17-A91377310CC0}.Debug|Any CPU.Build.0 = Debug|Any CPU
		{14581B93-0D0D-45C2-BA17-A91377310CC0}.Release|Any CPU.ActiveCfg = Release|Any CPU
		{14581B93-0D0D-45C2-BA17-A91377310CC0}.Release|Any CPU.Build.0 = Release|Any CPU
		{9DA66BC8-E72F-42DA-8167-FB89D019B8E7}.Debug|Any CPU.ActiveCfg = Debug|Any CPU
		{9DA66BC8-E72F-42DA-8167-FB89D019B8E7}.Debug|Any CPU.Build.0 = Debug|Any CPU
		{9DA66BC8-E72F-42DA-8167-FB89D019B8E7}.Release|Any CPU.ActiveCfg = Release|Any CPU
		{9DA66BC8-E72F-42DA-8167-FB89D019B8E7}.Release|Any CPU.Build.0 = Release|Any CPU
		{A871E94A-9F08-4C8A-B471-E994CA28EB1A}.Debug|Any CPU.ActiveCfg = Debug|Any CPU
		{A871E94A-9F08-4C8A-B471-E994CA28EB1A}.Debug|Any CPU.Build.0 = Debug|Any CPU
		{A871E94A-9F08-4C8A-B471-E994CA28EB1A}.Release|Any CPU.ActiveCfg = Release|Any CPU
		{A871E94A-9F08-4C8A-B471-E994CA28EB1A}.Release|Any CPU.Build.0 = Release|Any CPU
		{61BD34C8-CDF1-4A17-B3F5-C03929BD4E17}.Debug|Any CPU.ActiveCfg = Debug|Any CPU
		{61BD34C8-CDF1-4A17-B3F5-C03929BD4E17}.Debug|Any CPU.Build.0 = Debug|Any CPU
		{61BD34C8-CDF1-4A17-B3F5-C03929BD4E17}.Release|Any CPU.ActiveCfg = Release|Any CPU
		{61BD34C8-CDF1-4A17-B3F5-C03929BD4E17}.Release|Any CPU.Build.0 = Release|Any CPU
		{25E13A19-D69F-4736-B577-434774812052}.Debug|Any CPU.ActiveCfg = Debug|Any CPU
		{25E13A19-D69F-4736-B577-434774812052}.Debug|Any CPU.Build.0 = Debug|Any CPU
		{25E13A19-D69F-4736-B577-434774812052}.Release|Any CPU.ActiveCfg = Release|Any CPU
		{25E13A19-D69F-4736-B577-434774812052}.Release|Any CPU.Build.0 = Release|Any CPU
		{353D7F6D-9EB1-481D-A917-151E3502D39B}.Debug|Any CPU.ActiveCfg = Debug|Any CPU
		{353D7F6D-9EB1-481D-A917-151E3502D39B}.Debug|Any CPU.Build.0 = Debug|Any CPU
		{353D7F6D-9EB1-481D-A917-151E3502D39B}.Release|Any CPU.ActiveCfg = Release|Any CPU
		{353D7F6D-9EB1-481D-A917-151E3502D39B}.Release|Any CPU.Build.0 = Release|Any CPU
		{DECB3A77-2E79-4CB1-882F-E944BE242858}.Debug|Any CPU.ActiveCfg = Debug|Any CPU
		{DECB3A77-2E79-4CB1-882F-E944BE242858}.Debug|Any CPU.Build.0 = Debug|Any CPU
		{DECB3A77-2E79-4CB1-882F-E944BE242858}.Release|Any CPU.ActiveCfg = Release|Any CPU
		{DECB3A77-2E79-4CB1-882F-E944BE242858}.Release|Any CPU.Build.0 = Release|Any CPU
		{35EA8064-4C7B-4A0B-9E09-AAAFA4A3D44B}.Debug|Any CPU.ActiveCfg = Debug|Any CPU
		{35EA8064-4C7B-4A0B-9E09-AAAFA4A3D44B}.Debug|Any CPU.Build.0 = Debug|Any CPU
		{35EA8064-4C7B-4A0B-9E09-AAAFA4A3D44B}.Release|Any CPU.ActiveCfg = Release|Any CPU
		{35EA8064-4C7B-4A0B-9E09-AAAFA4A3D44B}.Release|Any CPU.Build.0 = Release|Any CPU
		{C141D34E-E61D-496B-845B-4329019C3214}.Debug|Any CPU.ActiveCfg = Debug|Any CPU
		{C141D34E-E61D-496B-845B-4329019C3214}.Debug|Any CPU.Build.0 = Debug|Any CPU
		{C141D34E-E61D-496B-845B-4329019C3214}.Release|Any CPU.ActiveCfg = Release|Any CPU
		{C141D34E-E61D-496B-845B-4329019C3214}.Release|Any CPU.Build.0 = Release|Any CPU
		{B7BE817D-A605-47D3-909A-A0591D2646F8}.Debug|Any CPU.ActiveCfg = Debug|Any CPU
		{B7BE817D-A605-47D3-909A-A0591D2646F8}.Debug|Any CPU.Build.0 = Debug|Any CPU
		{B7BE817D-A605-47D3-909A-A0591D2646F8}.Release|Any CPU.ActiveCfg = Release|Any CPU
		{B7BE817D-A605-47D3-909A-A0591D2646F8}.Release|Any CPU.Build.0 = Release|Any CPU
		{75DB38A4-CD1C-4CD8-BCE3-8F28D5925479}.Debug|Any CPU.ActiveCfg = Debug|Any CPU
		{75DB38A4-CD1C-4CD8-BCE3-8F28D5925479}.Debug|Any CPU.Build.0 = Debug|Any CPU
		{75DB38A4-CD1C-4CD8-BCE3-8F28D5925479}.Release|Any CPU.ActiveCfg = Release|Any CPU
		{75DB38A4-CD1C-4CD8-BCE3-8F28D5925479}.Release|Any CPU.Build.0 = Release|Any CPU
		{47F076B3-5311-4B26-A0E6-FC02582E8609}.Debug|Any CPU.ActiveCfg = Debug|Any CPU
		{47F076B3-5311-4B26-A0E6-FC02582E8609}.Debug|Any CPU.Build.0 = Debug|Any CPU
		{47F076B3-5311-4B26-A0E6-FC02582E8609}.Release|Any CPU.ActiveCfg = Release|Any CPU
		{47F076B3-5311-4B26-A0E6-FC02582E8609}.Release|Any CPU.Build.0 = Release|Any CPU
		{DBD00A37-4FDC-4065-B3A8-AC9A05642ECA}.Debug|Any CPU.ActiveCfg = Debug|Any CPU
		{DBD00A37-4FDC-4065-B3A8-AC9A05642ECA}.Debug|Any CPU.Build.0 = Debug|Any CPU
		{DBD00A37-4FDC-4065-B3A8-AC9A05642ECA}.Release|Any CPU.ActiveCfg = Release|Any CPU
		{DBD00A37-4FDC-4065-B3A8-AC9A05642ECA}.Release|Any CPU.Build.0 = Release|Any CPU
	EndGlobalSection
	GlobalSection(SolutionProperties) = preSolution
		HideSolutionNode = FALSE
	EndGlobalSection
	GlobalSection(ExtensibilityGlobals) = postSolution
		SolutionGuid = {B50FE8F6-2020-4013-AD03-061FC81F12BB}
	EndGlobalSection
EndGlobal
